Microsoft Visual Studio Solution File, Format Version 12.00
# Visual Studio Version 17
VisualStudioVersion = 17.5.2.0
MinimumVisualStudioVersion = 10.0.40219.1
Project("{FAE04EC0-301F-11D3-BF4B-00C04F79EFBC}") = "SSSSS", "SSSSS.csproj", "{6E570B7A-DE15-E4B1-4DBA-F996C7470426}"
EndProject
Global
	GlobalSection(SolutionConfigurationPlatforms) = preSolution
		Debug|Any CPU = Debug|Any CPU
		Release|Any CPU = Release|Any CPU
	EndGlobalSection
	GlobalSection(ProjectConfigurationPlatforms) = postSolution
		{6E570B7A-DE15-E4B1-4DBA-F996C7470426}.Debug|Any CPU.ActiveCfg = Debug|Any CPU
		{6E570B7A-DE15-E4B1-4DBA-F996C7470426}.Debug|Any CPU.Build.0 = Debug|Any CPU
		{6E570B7A-DE15-E4B1-4DBA-F996C7470426}.Release|Any CPU.ActiveCfg = Release|Any CPU
		{6E570B7A-DE15-E4B1-4DBA-F996C7470426}.Release|Any CPU.Build.0 = Release|Any CPU
	EndGlobalSection
	GlobalSection(SolutionProperties) = preSolution
		HideSolutionNode = FALSE
	EndGlobalSection
	GlobalSection(ExtensibilityGlobals) = postSolution
		SolutionGuid = {9A0B5249-17B3-4472-99E8-AD67B8CD41BA}
	EndGlobalSection
EndGlobal
